
Microsoft Visual Studio Solution File, Format Version 12.00
# Visual Studio Version 16
VisualStudioVersion = 16.0.29102.190
MinimumVisualStudioVersion = 10.0.40219.1
Project("{9A19103F-16F7-4668-BE54-9A1E7A4F7556}") = "iTrellisCar", "iTrellisCar\iTrellisCar.csproj", "{76686DD1-CB4B-4DDF-9397-5C7D0E4742C3}"
EndProject
Project("{FAE04EC0-301F-11D3-BF4B-00C04F79EFBC}") = "iTrellisCarUnitTest", "iTrellisCarUnitTest\iTrellisCarUnitTest.csproj", "{5863BCF9-CE8F-4C1D-9446-7F511A69DFA2}"
EndProject
Global
	GlobalSection(SolutionConfigurationPlatforms) = preSolution
		Debug|Any CPU = Debug|Any CPU
		Release|Any CPU = Release|Any CPU
	EndGlobalSection
	GlobalSection(ProjectConfigurationPlatforms) = postSolution
		{76686DD1-CB4B-4DDF-9397-5C7D0E4742C3}.Debug|Any CPU.ActiveCfg = Debug|Any CPU
		{76686DD1-CB4B-4DDF-9397-5C7D0E4742C3}.Debug|Any CPU.Build.0 = Debug|Any CPU
		{76686DD1-CB4B-4DDF-9397-5C7D0E4742C3}.Release|Any CPU.ActiveCfg = Release|Any CPU
		{76686DD1-CB4B-4DDF-9397-5C7D0E4742C3}.Release|Any CPU.Build.0 = Release|Any CPU
		{5863BCF9-CE8F-4C1D-9446-7F511A69DFA2}.Debug|Any CPU.ActiveCfg = Debug|Any CPU
		{5863BCF9-CE8F-4C1D-9446-7F511A69DFA2}.Debug|Any CPU.Build.0 = Debug|Any CPU
		{5863BCF9-CE8F-4C1D-9446-7F511A69DFA2}.Release|Any CPU.ActiveCfg = Release|Any CPU
		{5863BCF9-CE8F-4C1D-9446-7F511A69DFA2}.Release|Any CPU.Build.0 = Release|Any CPU
	EndGlobalSection
	GlobalSection(SolutionProperties) = preSolution
		HideSolutionNode = FALSE
	EndGlobalSection
	GlobalSection(ExtensibilityGlobals) = postSolution
		SolutionGuid = {A5983A7E-4D93-4A50-965F-EEA5383BA59F}
	EndGlobalSection
EndGlobal
